
Microsoft Visual Studio Solution File, Format Version 12.00
# Visual Studio Version 16
VisualStudioVersion = 16.0.31205.134
MinimumVisualStudioVersion = 10.0.40219.1
Project("{FAE04EC0-301F-11D3-BF4B-00C04F79EFBC}") = "Factory Method", "Factory Method\Factory Method.csproj", "{1045146A-D47C-4EB9-91EE-225094450DDD}"
EndProject
Global
	GlobalSection(SolutionConfigurationPlatforms) = preSolution
		Debug|Any CPU = Debug|Any CPU
		Release|Any CPU = Release|Any CPU
	EndGlobalSection
	GlobalSection(ProjectConfigurationPlatforms) = postSolution
		{1045146A-D47C-4EB9-91EE-225094450DDD}.Debug|Any CPU.ActiveCfg = Debug|Any CPU
		{1045146A-D47C-4EB9-91EE-225094450DDD}.Debug|Any CPU.Build.0 = Debug|Any CPU
		{1045146A-D47C-4EB9-91EE-225094450DDD}.Release|Any CPU.ActiveCfg = Release|Any CPU
		{1045146A-D47C-4EB9-91EE-225094450DDD}.Release|Any CPU.Build.0 = Release|Any CPU
	EndGlobalSection
	GlobalSection(SolutionProperties) = preSolution
		HideSolutionNode = FALSE
	EndGlobalSection
	GlobalSection(ExtensibilityGlobals) = postSolution
		SolutionGuid = {505F5BFC-76CE-4F60-86C9-4ACD3874A3B4}
	EndGlobalSection
EndGlobal
