
Microsoft Visual Studio Solution File, Format Version 12.00
# Visual Studio Version 16
VisualStudioVersion = 16.0.31205.134
MinimumVisualStudioVersion = 10.0.40219.1
Project("{FAE04EC0-301F-11D3-BF4B-00C04F79EFBC}") = "Iterator", "Iterator\Iterator.csproj", "{DB51769E-A319-4A92-A670-DBB1E9352C05}"
EndProject
Global
	GlobalSection(SolutionConfigurationPlatforms) = preSolution
		Debug|Any CPU = Debug|Any CPU
		Release|Any CPU = Release|Any CPU
	EndGlobalSection
	GlobalSection(ProjectConfigurationPlatforms) = postSolution
		{DB51769E-A319-4A92-A670-DBB1E9352C05}.Debug|Any CPU.ActiveCfg = Debug|Any CPU
		{DB51769E-A319-4A92-A670-DBB1E9352C05}.Debug|Any CPU.Build.0 = Debug|Any CPU
		{DB51769E-A319-4A92-A670-DBB1E9352C05}.Release|Any CPU.ActiveCfg = Release|Any CPU
		{DB51769E-A319-4A92-A670-DBB1E9352C05}.Release|Any CPU.Build.0 = Release|Any CPU
	EndGlobalSection
	GlobalSection(SolutionProperties) = preSolution
		HideSolutionNode = FALSE
	EndGlobalSection
	GlobalSection(ExtensibilityGlobals) = postSolution
		SolutionGuid = {37918F04-7D1A-4397-A9F4-B6E50D5EC1EC}
	EndGlobalSection
EndGlobal
